
Microsoft Visual Studio Solution File, Format Version 12.00
# Visual Studio Version 16
VisualStudioVersion = 16.0.30523.141
MinimumVisualStudioVersion = 10.0.40219.1
Project("{FAE04EC0-301F-11D3-BF4B-00C04F79EFBC}") = "colectii-date-generics", "colectii-date-generics\colectii-date-generics.csproj", "{2D048AE5-F78A-4986-9EAA-E3762C9233BE}"
EndProject
Project("{FAE04EC0-301F-11D3-BF4B-00C04F79EFBC}") = "tests-for-colectii-date-generics", "tests-for-colectii-date-generics\tests-for-colectii-date-generics.csproj", "{69C44CAA-FC6F-482D-A4E1-ECA8AE5781BD}"
EndProject
Global
	GlobalSection(SolutionConfigurationPlatforms) = preSolution
		Debug|Any CPU = Debug|Any CPU
		Release|Any CPU = Release|Any CPU
	EndGlobalSection
	GlobalSection(ProjectConfigurationPlatforms) = postSolution
		{2D048AE5-F78A-4986-9EAA-E3762C9233BE}.Debug|Any CPU.ActiveCfg = Debug|Any CPU
		{2D048AE5-F78A-4986-9EAA-E3762C9233BE}.Debug|Any CPU.Build.0 = Debug|Any CPU
		{2D048AE5-F78A-4986-9EAA-E3762C9233BE}.Release|Any CPU.ActiveCfg = Release|Any CPU
		{2D048AE5-F78A-4986-9EAA-E3762C9233BE}.Release|Any CPU.Build.0 = Release|Any CPU
		{69C44CAA-FC6F-482D-A4E1-ECA8AE5781BD}.Debug|Any CPU.ActiveCfg = Debug|Any CPU
		{69C44CAA-FC6F-482D-A4E1-ECA8AE5781BD}.Debug|Any CPU.Build.0 = Debug|Any CPU
		{69C44CAA-FC6F-482D-A4E1-ECA8AE5781BD}.Release|Any CPU.ActiveCfg = Release|Any CPU
		{69C44CAA-FC6F-482D-A4E1-ECA8AE5781BD}.Release|Any CPU.Build.0 = Release|Any CPU
	EndGlobalSection
	GlobalSection(SolutionProperties) = preSolution
		HideSolutionNode = FALSE
	EndGlobalSection
	GlobalSection(ExtensibilityGlobals) = postSolution
		SolutionGuid = {64A862C3-A77E-44A0-8063-178EE7212C54}
	EndGlobalSection
EndGlobal
